PODS:
  - DACircularProgress (2.3.1)
  - MBProgressHUD (0.9.2)
  - SDWebImage (3.8.1):
    - SDWebImage/Core (= 3.8.1)
  - SDWebImage/Core (3.8.1)

DEPENDENCIES:
  - DACircularProgress
  - MBProgressHUD
  - SDWebImage

SPEC CHECKSUMS:
  DACircularProgress: 4dd437c0fc3da5161cb289e07ac449493d41db71
  MBProgressHUD: 1569cf7ace17a8bac47aabfbb8580a49690386d1
  SDWebImage: 35f9627a3e44b4f292a8a8ce6a531fa488239b91

PODFILE CHECKSUM: 97254569a50c290cbe1793cd98a09ba2f0c117d0

COCOAPODS: 1.0.1
